
Microsoft Visual Studio Solution File, Format Version 12.00
# Visual Studio Version 16
VisualStudioVersion = 16.0.29613.14
MinimumVisualStudioVersion = 10.0.40219.1
Project("{FAE04EC0-301F-11D3-BF4B-00C04F79EFBC}") = "Funda_SOLID", "Funda_SOLID\Funda_SOLID.csproj", "{7494EEBA-943E-4F29-84EC-54F8D89AB5B9}"
EndProject
Project("{FAE04EC0-301F-11D3-BF4B-00C04F79EFBC}") = "Funda_Test", "Funda_Test\Funda_Test.csproj", "{0D83788A-3505-4336-BF77-38B69AD6419E}"
EndProject
Global
	GlobalSection(SolutionConfigurationPlatforms) = preSolution
		Debug|Any CPU = Debug|Any CPU
		Release|Any CPU = Release|Any CPU
	EndGlobalSection
	GlobalSection(ProjectConfigurationPlatforms) = postSolution
		{7494EEBA-943E-4F29-84EC-54F8D89AB5B9}.Debug|Any CPU.ActiveCfg = Debug|Any CPU
		{7494EEBA-943E-4F29-84EC-54F8D89AB5B9}.Debug|Any CPU.Build.0 = Debug|Any CPU
		{7494EEBA-943E-4F29-84EC-54F8D89AB5B9}.Release|Any CPU.ActiveCfg = Release|Any CPU
		{7494EEBA-943E-4F29-84EC-54F8D89AB5B9}.Release|Any CPU.Build.0 = Release|Any CPU
		{0D83788A-3505-4336-BF77-38B69AD6419E}.Debug|Any CPU.ActiveCfg = Debug|Any CPU
		{0D83788A-3505-4336-BF77-38B69AD6419E}.Debug|Any CPU.Build.0 = Debug|Any CPU
		{0D83788A-3505-4336-BF77-38B69AD6419E}.Release|Any CPU.ActiveCfg = Release|Any CPU
		{0D83788A-3505-4336-BF77-38B69AD6419E}.Release|Any CPU.Build.0 = Release|Any CPU
	EndGlobalSection
	GlobalSection(SolutionProperties) = preSolution
		HideSolutionNode = FALSE
	EndGlobalSection
	GlobalSection(ExtensibilityGlobals) = postSolution
		SolutionGuid = {D3C12B7D-7873-4A04-972E-51C9B12A8422}
	EndGlobalSection
EndGlobal
